bitcoin 1FeexV6bAHb8ybZjqQMjJrcCrHGW9sb6uF
bitcoin 34xp4vRoCGJym3xR7yCVPFHoCNxv4Twseo
bitcoin bc1ql49ydapnjafl5t2cp9zqpjwe6pdgmxy98859v2
bitcoin bc1qgdjqv0av3q56jvd82tkdjpy7gdp9ut8tlqmgrpmv24sq90ecnvqqjwvw97
bitcoin bc1p5d7rjq7g6rdk2yhzks9smlaqtedr4dekq08ge8ztwac72sfr9rusxg3297
bitcoincash qqeht8vnwag20yv8dvtcrd4ujx09fwxwsqqqw93w88
bitcoincash bitcoincash:qp3wjpa3tjlj042z2wv7hahsldgwhwy0rq9sywjpyy
bitcoincash pqvm5jv4zhy38dkzrx0md73c3sujhkmg4yhlmhhmfm
bitcoincash prh43sha9vu3u4p2q6c5ejf3rkx5w4vwgv29gg3823
cardano addr1q8cr0g7lxd7n7hsz95nklc9cn6g9x67na6ns3d6da0qhkw4fmeuemujwjujnxmvgz9jc2hrf80p9juc0tnuemrx7nd6q82h3rx
cardano addr128phkx6acpnf78fuvxn0mkew3l0fd058hzquvz7w36x4gtupnz75xxcrtw79hu
cardano addr1vx2fxv2umyhttkxyxp8x0dlpdt3k6cwng5pxj3jhsydzers66hrl8
cardano Ae2tdPwUPEYwFx4dmJheyNPPYXtvHbJLeCaA96o6Y2iiUL18cAt7AizN2zG
dashcoin XdAUmwtig27HBG6WfYyHAzP8n6XC9jESEw
dashcoin Xn8WrRtpNuQoA8SKEcKHLo8ZwLG9ZWatkt
dashcoin 7qd1hqQqZzMRaJA5drqkpEZL41s3JktRuZ
dashcoin 7h3EgCxQihGp4mAfyQqswoHrvHUfnBCydP
dogecoin DEgDVFa2DoW1533dxeDVdTxQFhMzs1pMke
dogecoin DDogepartyxxxxxxxxxxxxxxxxxxw1dfzr
dogecoin ADNbM5fBujCRBW1vqezNeAWmnsLp19ki3n
dogecoin 9xqCpm3DpUYSzcoQSPb5SEGDwn9NRqwZnH
ethereum 0x00000000219ab540356cBB839Cbe05303d7705Fa
ethereum 0xC02aaA39b223FE8D0A0e5C4F27eAD9083C756Cc2
ethereum 0x507877C2E26f1387432D067D2DaAfa7d0420d90a
ethereum 0x507877c2e26f1387432d067d2daafa7d0420d90a
litecoin LM2WMpR1Rp6j3Sa59cMXMs1SPzj9eXpGc1
litecoin MTf4tP1TCNBn8dNkyxeBVoPrFCcVzxJvvh
litecoin ltc1qr07zu594qf63xm7l7x6pu3a2v39m2z6hh5pp4t
litecoin ltc1q29hm7wn047c8vgqeth8d97nn7k5xrtgrek9dzg
monero 46jECbnrkJTUks7Fg5YtwShdUCiwUwEEZJtJBhKLK4GBWfBX7PLrYBuWR9zhzos5uQ1uXGUgFpGCSBR5o651pL5ERxmwqHu
monero 496ePyKvPBRWEoQiqFEaL8frWuR9XuxNj98p69ZQRxmdZZHd5KVSS24bkYY93ASAxKPXn9XmnmeCxHz9NUdvvs8eE5BP24A
monero 44N9sqiizwFYX7ciXSdzycT7uBJpWLXv8Enief4ictiS5fdpmwwgAYFScjfB8nZRFVj2ZDzWdJdEVi5uMDvTrYbH3Mr4DYH
monero 42NCdZTvv3WDjVJTd4ny51SXQiKhUyprE9zrP5BsjqJu9aeWqwunHK7aHFR9ya8gJf2REyYwBMDxMjiAVPMBqsVHQqJe91y
ripple rMQ98K56yXJbDGv49ZSmW51sLn94Xe1mu1
ripple rKveEyR1SrkWbJX214xcfH43ZsoGMb3PEv
ripple rDxJNbV23mu9xsWoQHoBqZQvc77YcbJXwb
ripple rUeDDFNp2q7Ymvyv75hFGC8DAcygVyJbNF
tezos tz1Lc2qBKEWCBeDU8npG6zCeCqpmaegRi6Jg
tezos tz2BFTyPeYRzxd5aiBchbXN3WCZhx7BqbMBq
tezos tz3h7UCrLoFih8nrStVy8GcChtZiVuu1mDYD
tezos KT1KLbEeEgW5h1QLkPuPvqdgurHx6v4hGyic
tronix TNUC9Qb1rRpS5CbWLmNMxXBjyFoydXjWFR
tronix TWd4WrZ9wn84f5x1hZhL4DHvk738ns5jwb
tronix TWpMnUh9pZS1Mf8yyw9WPiS82WYevKzQo2
zcash t1TFPJkun5SAEVPgRsT5fbVv7uinBPux49h
zcash t1gsuUBuJeShVJ2ZTmWn9ybymyf89b6KLvJ
zcash t3Sk98eMdExVc47gqvq6dgfK6ZXdjsS4QYD
zcash t3dfdEUN9KzENYVa63uv9imhQj2QrqcGWrE
